{
  "name": "react-layout-suite",
  "version": "1.0.0",
  "lockfileVersion": 1,
  "requires": true,
  "dependencies": {
    "p-to-r": {
      "version": "1.0.0",
      "resolved": "https://registry.npmjs.org/p-to-r/-/p-to-r-1.0.0.tgz",
      "integrity": "sha512-tUB6Vqg2taPFeszf5qnVAL3BYsY0B2MJ+IK+6xIMmp6Ax17COUJJYfmOLcMluDsB7kOzhir85Icx+7nyLcVsUg=="
    }
  }
}
